
Microsoft Visual Studio Solution File, Format Version 12.00
# Visual Studio Version 17
VisualStudioVersion = 17.14.36221.1 d17.14
MinimumVisualStudioVersion = 10.0.40219.1
Project("{FAE04EC0-301F-11D3-BF4B-00C04F79EFBC}") = "ECommerceProject.MVC", "ECommerceProject.MVC\ECommerceProject.MVC.csproj", "{C8ED9EAE-CD51-4362-B8CB-56F052C55868}"
EndProject
Global
	GlobalSection(SolutionConfigurationPlatforms) = preSolution
		Debug|Any CPU = Debug|Any CPU
		Release|Any CPU = Release|Any CPU
	EndGlobalSection
	GlobalSection(ProjectConfigurationPlatforms) = postSolution
		{C8ED9EAE-CD51-4362-B8CB-56F052C55868}.Debug|Any CPU.ActiveCfg = Debug|Any CPU
		{C8ED9EAE-CD51-4362-B8CB-56F052C55868}.Debug|Any CPU.Build.0 = Debug|Any CPU
		{C8ED9EAE-CD51-4362-B8CB-56F052C55868}.Release|Any CPU.ActiveCfg = Release|Any CPU
		{C8ED9EAE-CD51-4362-B8CB-56F052C55868}.Release|Any CPU.Build.0 = Release|Any CPU
	EndGlobalSection
	GlobalSection(SolutionProperties) = preSolution
		HideSolutionNode = FALSE
	EndGlobalSection
	GlobalSection(ExtensibilityGlobals) = postSolution
		SolutionGuid = {F20B58E0-B968-4ACA-B001-62376A9A5064}
	EndGlobalSection
EndGlobal
